
Microsoft Visual Studio Solution File, Format Version 12.00
Project("{2150E333-8FDC-42A3-9474-1A3956D46DE8}") = "src", "src", "{71CC88C6-C8B6-4DCE-A4A8-39AD27073BDE}"
EndProject
Project("{2150E333-8FDC-42A3-9474-1A3956D46DE8}") = "tests", "tests", "{012BA0B0-37BB-4069-BE7A-E31BB7FB1B82}"
EndProject
Project("{2150E333-8FDC-42A3-9474-1A3956D46DE8}") = "Bootstrapper", "Bootstrapper", "{607B5AFA-836E-4118-B11C-3CD57A22DA3D}"
EndProject
Project("{2150E333-8FDC-42A3-9474-1A3956D46DE8}") = "Modules", "Modules", "{7EFAE1CA-DE74-4228-9D99-CFA7C6A6A2A7}"
EndProject
Project("{2150E333-8FDC-42A3-9474-1A3956D46DE8}") = "Shared", "Shared", "{708FBE3D-1031-491F-837E-2C055A6AC3D9}"
EndProject
Project("{FAE04EC0-301F-11D3-BF4B-00C04F79EFBC}") = "MoneyMe.Bootstrapper", "src\Bootstrapper\MoneyMe.Bootstrapper\MoneyMe.Bootstrapper.csproj", "{444511BA-F54E-4913-91B1-289A4FD3E7C8}"
EndProject
Project("{FAE04EC0-301F-11D3-BF4B-00C04F79EFBC}") = "MoneyMe.Shared.Abstractions", "src\Shared\MoneyMe.Shared.Abstractions\MoneyMe.Shared.Abstractions.csproj", "{09478AE1-9AC0-46FE-B0D5-C7B73CD7DC8C}"
EndProject
Project("{FAE04EC0-301F-11D3-BF4B-00C04F79EFBC}") = "MoneyMe.Shared.Infrastructure", "src\Shared\MoneyMe.Shared.Infrastructure\MoneyMe.Shared.Infrastructure.csproj", "{81BC2166-2311-4420-876B-E484574F8708}"
EndProject
Project("{2150E333-8FDC-42A3-9474-1A3956D46DE8}") = "Investments", "Investments", "{35A98936-6544-423F-B6B7-E630E0749631}"
EndProject
Project("{FAE04EC0-301F-11D3-BF4B-00C04F79EFBC}") = "MoneyMe.Modules.Investments.Api", "src\Modules\Investments\MoneyMe.Modules.Investments.Api\MoneyMe.Modules.Investments.Api.csproj", "{FAA4E8CD-95EF-4388-9F21-CF0D6DA40BC5}"
EndProject
Project("{FAE04EC0-301F-11D3-BF4B-00C04F79EFBC}") = "MoneyMe.Modules.Investments.Core", "src\Modules\Investments\MoneyMe.Modules.Investments.Core\MoneyMe.Modules.Investments.Core.csproj", "{4AF64B48-713D-4E96-B06F-F397680E6FDB}"
EndProject
Project("{2150E333-8FDC-42A3-9474-1A3956D46DE8}") = "utils", "utils", "{9CC9BC7C-EC64-41C5-B834-CFB914C37751}"
	ProjectSection(SolutionItems) = preProject
		MoneyMe.rest = MoneyMe.rest
		http-client.env.json = http-client.env.json
		docker-compose.yaml = docker-compose.yaml
	EndProjectSection
EndProject
Project("{2150E333-8FDC-42A3-9474-1A3956D46DE8}") = "Users", "Users", "{731298D1-A1F0-4226-86FD-3A8044877324}"
EndProject
Project("{FAE04EC0-301F-11D3-BF4B-00C04F79EFBC}") = "MoneyMe.Modules.Users.Api", "src\Modules\Users\MoneyMe.Modules.Users.Api\MoneyMe.Modules.Users.Api.csproj", "{67455352-A6C9-4AF6-9C3D-957C044C8620}"
EndProject
Project("{FAE04EC0-301F-11D3-BF4B-00C04F79EFBC}") = "MoneyMe.Modules.Users.Core", "src\Modules\Users\MoneyMe.Modules.Users.Core\MoneyMe.Modules.Users.Core.csproj", "{0E7B38B0-D103-44EE-A518-C4F7553B4A5B}"
EndProject
Project("{2150E333-8FDC-42A3-9474-1A3956D46DE8}") = "Ledger", "Ledger", "{6E9B80B6-FB4A-4065-A02C-45B0F0688CA7}"
EndProject
Project("{FAE04EC0-301F-11D3-BF4B-00C04F79EFBC}") = "MoneyMe.Modules.Ledger.Api", "src\Modules\Ledger\MoneyMe.Modules.Ledger.Api\MoneyMe.Modules.Ledger.Api.csproj", "{6561B204-F120-4517-AB5E-30BD1379AFDA}"
EndProject
Project("{FAE04EC0-301F-11D3-BF4B-00C04F79EFBC}") = "MoneyMe.Modules.Ledger.Domain", "src\Modules\Ledger\MoneyMe.Modules.Ledger.Domain\MoneyMe.Modules.Ledger.Domain.csproj", "{F3EDB864-CEA0-4908-84D5-ACA2B22BD3FD}"
EndProject
Project("{FAE04EC0-301F-11D3-BF4B-00C04F79EFBC}") = "MoneyMe.Modules.Ledger.Infrastructure", "src\Modules\Ledger\MoneyMe.Modules.Ledger.Infrastructure\MoneyMe.Modules.Ledger.Infrastructure.csproj", "{77CA4C37-1E86-4D0F-B1BE-28A46C311966}"
EndProject
Project("{FAE04EC0-301F-11D3-BF4B-00C04F79EFBC}") = "MoneyMe.Modules.Ledger.Application", "src\Modules\Ledger\MoneyMe.Modules.Ledger.Application\MoneyMe.Modules.Ledger.Application.csproj", "{3DEFA51B-5064-4834-9665-0BB280F27197}"
EndProject
Global
	GlobalSection(SolutionConfigurationPlatforms) = preSolution
		Debug|Any CPU = Debug|Any CPU
		Release|Any CPU = Release|Any CPU
	EndGlobalSection
	GlobalSection(NestedProjects) = preSolution
		{607B5AFA-836E-4118-B11C-3CD57A22DA3D} = {71CC88C6-C8B6-4DCE-A4A8-39AD27073BDE}
		{7EFAE1CA-DE74-4228-9D99-CFA7C6A6A2A7} = {71CC88C6-C8B6-4DCE-A4A8-39AD27073BDE}
		{708FBE3D-1031-491F-837E-2C055A6AC3D9} = {71CC88C6-C8B6-4DCE-A4A8-39AD27073BDE}
		{444511BA-F54E-4913-91B1-289A4FD3E7C8} = {607B5AFA-836E-4118-B11C-3CD57A22DA3D}
		{09478AE1-9AC0-46FE-B0D5-C7B73CD7DC8C} = {708FBE3D-1031-491F-837E-2C055A6AC3D9}
		{81BC2166-2311-4420-876B-E484574F8708} = {708FBE3D-1031-491F-837E-2C055A6AC3D9}
		{35A98936-6544-423F-B6B7-E630E0749631} = {7EFAE1CA-DE74-4228-9D99-CFA7C6A6A2A7}
		{FAA4E8CD-95EF-4388-9F21-CF0D6DA40BC5} = {35A98936-6544-423F-B6B7-E630E0749631}
		{4AF64B48-713D-4E96-B06F-F397680E6FDB} = {35A98936-6544-423F-B6B7-E630E0749631}
		{731298D1-A1F0-4226-86FD-3A8044877324} = {7EFAE1CA-DE74-4228-9D99-CFA7C6A6A2A7}
		{67455352-A6C9-4AF6-9C3D-957C044C8620} = {731298D1-A1F0-4226-86FD-3A8044877324}
		{0E7B38B0-D103-44EE-A518-C4F7553B4A5B} = {731298D1-A1F0-4226-86FD-3A8044877324}
		{6E9B80B6-FB4A-4065-A02C-45B0F0688CA7} = {7EFAE1CA-DE74-4228-9D99-CFA7C6A6A2A7}
		{6561B204-F120-4517-AB5E-30BD1379AFDA} = {6E9B80B6-FB4A-4065-A02C-45B0F0688CA7}
		{F3EDB864-CEA0-4908-84D5-ACA2B22BD3FD} = {6E9B80B6-FB4A-4065-A02C-45B0F0688CA7}
		{77CA4C37-1E86-4D0F-B1BE-28A46C311966} = {6E9B80B6-FB4A-4065-A02C-45B0F0688CA7}
		{3DEFA51B-5064-4834-9665-0BB280F27197} = {6E9B80B6-FB4A-4065-A02C-45B0F0688CA7}
	EndGlobalSection
	GlobalSection(ProjectConfigurationPlatforms) = postSolution
		{444511BA-F54E-4913-91B1-289A4FD3E7C8}.Debug|Any CPU.ActiveCfg = Debug|Any CPU
		{444511BA-F54E-4913-91B1-289A4FD3E7C8}.Debug|Any CPU.Build.0 = Debug|Any CPU
		{444511BA-F54E-4913-91B1-289A4FD3E7C8}.Release|Any CPU.ActiveCfg = Release|Any CPU
		{444511BA-F54E-4913-91B1-289A4FD3E7C8}.Release|Any CPU.Build.0 = Release|Any CPU
		{09478AE1-9AC0-46FE-B0D5-C7B73CD7DC8C}.Debug|Any CPU.ActiveCfg = Debug|Any CPU
		{09478AE1-9AC0-46FE-B0D5-C7B73CD7DC8C}.Debug|Any CPU.Build.0 = Debug|Any CPU
		{09478AE1-9AC0-46FE-B0D5-C7B73CD7DC8C}.Release|Any CPU.ActiveCfg = Release|Any CPU
		{09478AE1-9AC0-46FE-B0D5-C7B73CD7DC8C}.Release|Any CPU.Build.0 = Release|Any CPU
		{81BC2166-2311-4420-876B-E484574F8708}.Debug|Any CPU.ActiveCfg = Debug|Any CPU
		{81BC2166-2311-4420-876B-E484574F8708}.Debug|Any CPU.Build.0 = Debug|Any CPU
		{81BC2166-2311-4420-876B-E484574F8708}.Release|Any CPU.ActiveCfg = Release|Any CPU
		{81BC2166-2311-4420-876B-E484574F8708}.Release|Any CPU.Build.0 = Release|Any CPU
		{FAA4E8CD-95EF-4388-9F21-CF0D6DA40BC5}.Debug|Any CPU.ActiveCfg = Debug|Any CPU
		{FAA4E8CD-95EF-4388-9F21-CF0D6DA40BC5}.Debug|Any CPU.Build.0 = Debug|Any CPU
		{FAA4E8CD-95EF-4388-9F21-CF0D6DA40BC5}.Release|Any CPU.ActiveCfg = Release|Any CPU
		{FAA4E8CD-95EF-4388-9F21-CF0D6DA40BC5}.Release|Any CPU.Build.0 = Release|Any CPU
		{4AF64B48-713D-4E96-B06F-F397680E6FDB}.Debug|Any CPU.ActiveCfg = Debug|Any CPU
		{4AF64B48-713D-4E96-B06F-F397680E6FDB}.Debug|Any CPU.Build.0 = Debug|Any CPU
		{4AF64B48-713D-4E96-B06F-F397680E6FDB}.Release|Any CPU.ActiveCfg = Release|Any CPU
		{4AF64B48-713D-4E96-B06F-F397680E6FDB}.Release|Any CPU.Build.0 = Release|Any CPU
		{67455352-A6C9-4AF6-9C3D-957C044C8620}.Debug|Any CPU.ActiveCfg = Debug|Any CPU
		{67455352-A6C9-4AF6-9C3D-957C044C8620}.Debug|Any CPU.Build.0 = Debug|Any CPU
		{67455352-A6C9-4AF6-9C3D-957C044C8620}.Release|Any CPU.ActiveCfg = Release|Any CPU
		{67455352-A6C9-4AF6-9C3D-957C044C8620}.Release|Any CPU.Build.0 = Release|Any CPU
		{0E7B38B0-D103-44EE-A518-C4F7553B4A5B}.Debug|Any CPU.ActiveCfg = Debug|Any CPU
		{0E7B38B0-D103-44EE-A518-C4F7553B4A5B}.Debug|Any CPU.Build.0 = Debug|Any CPU
		{0E7B38B0-D103-44EE-A518-C4F7553B4A5B}.Release|Any CPU.ActiveCfg = Release|Any CPU
		{0E7B38B0-D103-44EE-A518-C4F7553B4A5B}.Release|Any CPU.Build.0 = Release|Any CPU
		{6561B204-F120-4517-AB5E-30BD1379AFDA}.Debug|Any CPU.ActiveCfg = Debug|Any CPU
		{6561B204-F120-4517-AB5E-30BD1379AFDA}.Debug|Any CPU.Build.0 = Debug|Any CPU
		{6561B204-F120-4517-AB5E-30BD1379AFDA}.Release|Any CPU.ActiveCfg = Release|Any CPU
		{6561B204-F120-4517-AB5E-30BD1379AFDA}.Release|Any CPU.Build.0 = Release|Any CPU
		{F3EDB864-CEA0-4908-84D5-ACA2B22BD3FD}.Debug|Any CPU.ActiveCfg = Debug|Any CPU
		{F3EDB864-CEA0-4908-84D5-ACA2B22BD3FD}.Debug|Any CPU.Build.0 = Debug|Any CPU
		{F3EDB864-CEA0-4908-84D5-ACA2B22BD3FD}.Release|Any CPU.ActiveCfg = Release|Any CPU
		{F3EDB864-CEA0-4908-84D5-ACA2B22BD3FD}.Release|Any CPU.Build.0 = Release|Any CPU
		{77CA4C37-1E86-4D0F-B1BE-28A46C311966}.Debug|Any CPU.ActiveCfg = Debug|Any CPU
		{77CA4C37-1E86-4D0F-B1BE-28A46C311966}.Debug|Any CPU.Build.0 = Debug|Any CPU
		{77CA4C37-1E86-4D0F-B1BE-28A46C311966}.Release|Any CPU.ActiveCfg = Release|Any CPU
		{77CA4C37-1E86-4D0F-B1BE-28A46C311966}.Release|Any CPU.Build.0 = Release|Any CPU
		{3DEFA51B-5064-4834-9665-0BB280F27197}.Debug|Any CPU.ActiveCfg = Debug|Any CPU
		{3DEFA51B-5064-4834-9665-0BB280F27197}.Debug|Any CPU.Build.0 = Debug|Any CPU
		{3DEFA51B-5064-4834-9665-0BB280F27197}.Release|Any CPU.ActiveCfg = Release|Any CPU
		{3DEFA51B-5064-4834-9665-0BB280F27197}.Release|Any CPU.Build.0 = Release|Any CPU
	EndGlobalSection
EndGlobal
